// !$*UTF8*$!
{
	archiveVersion = 1;
	classes = {
	};
	objectVersion = 56;
	objects = {

/* Begin PBXBuildFile section */
		201705392E53199300DDBE9A /* UIViewController+Extension.swift in Sources */ = {isa = PBXBuildFile; fileRef = 201705382E53199300DDBE9A /* UIViewController+Extension.swift */; };
		2017053B2E531AAE00DDBE9A /* HourlyDisplayData.swift in Sources */ = {isa = PBXBuildFile; fileRef = 2017053A2E531AAE00DDBE9A /* HourlyDisplayData.swift */; };
		2017053D2E531AC100DDBE9A /* WeeklyDisplayData.swift in Sources */ = {isa = PBXBuildFile; fileRef = 2017053C2E531AC100DDBE9A /* WeeklyDisplayData.swift */; };
		206D0B382E432F7500827E46 /* BaseViewController.swift in Sources */ = {isa = PBXBuildFile; fileRef = 206D0B372E432F7500827E46 /* BaseViewController.swift */; };
		206D0B3A2E432F8300827E46 /* HomeViewController.swift in Sources */ = {isa = PBXBuildFile; fileRef = 206D0B392E432F8300827E46 /* HomeViewController.swift */; };
		206D0B3C2E432F8F00827E46 /* WeatherViewController.swift in Sources */ = {isa = PBXBuildFile; fileRef = 206D0B3B2E432F8F00827E46 /* WeatherViewController.swift */; };
		206D0B3E2E432F9C00827E46 /* FavoritesViewController.swift in Sources */ = {isa = PBXBuildFile; fileRef = 206D0B3D2E432F9C00827E46 /* FavoritesViewController.swift */; };
		206D0B402E432FA900827E46 /* SettingsViewController.swift in Sources */ = {isa = PBXBuildFile; fileRef = 206D0B3F2E432FA900827E46 /* SettingsViewController.swift */; };
		20A1FF6C2E4C73F50080A6D6 /* CityLocation.swift in Sources */ = {isa = PBXBuildFile; fileRef = 20A1FF662E4C73F50080A6D6 /* CityLocation.swift */; };
		20A1FF6D2E4C73F50080A6D6 /* CitySearchResult.swift in Sources */ = {isa = PBXBuildFile; fileRef = 20A1FF672E4C73F50080A6D6 /* CitySearchResult.swift */; };
		20A1FF6E2E4C73F50080A6D6 /* CoreDataService.swift in Sources */ = {isa = PBXBuildFile; fileRef = 20A1FF682E4C73F50080A6D6 /* CoreDataService.swift */; };
		20A1FF6F2E4C73F50080A6D6 /* String+Extensions.swift in Sources */ = {isa = PBXBuildFile; fileRef = 20A1FF692E4C73F50080A6D6 /* String+Extensions.swift */; };
		20A1FF702E4C73F50080A6D6 /* LocationError.swift in Sources */ = {isa = PBXBuildFile; fileRef = 20A1FF6A2E4C73F50080A6D6 /* LocationError.swift */; };
		20A1FF712E4C73F50080A6D6 /* LocationValidator.swift in Sources */ = {isa = PBXBuildFile; fileRef = 20A1FF6B2E4C73F50080A6D6 /* LocationValidator.swift */; };
		20A1FF752E4C74500080A6D6 /* FavoriteCity+Extensions.swift in Sources */ = {isa = PBXBuildFile; fileRef = 20A1FF722E4C744F0080A6D6 /* FavoriteCity+Extensions.swift */; };
		20A1FF762E4C74500080A6D6 /* WeatherModels.swift in Sources */ = {isa = PBXBuildFile; fileRef = 20A1FF732E4C744F0080A6D6 /* WeatherModels.swift */; };
		20A1FF772E4C74500080A6D6 /* ForecastModels.swift in Sources */ = {isa = PBXBuildFile; fileRef = 20A1FF742E4C74500080A6D6 /* ForecastModels.swift */; };
		20A1FF822E4C83B00080A6D6 /* NetworkManager.swift in Sources */ = {isa = PBXBuildFile; fileRef = 20A1FF812E4C83B00080A6D6 /* NetworkManager.swift */; };
		20A1FF842E4C92CD0080A6D6 /* DataManager.swift in Sources */ = {isa = PBXBuildFile; fileRef = 20A1FF832E4C92CD0080A6D6 /* DataManager.swift */; };
		20A1FF862E4C92DD0080A6D6 /* CacheService.swift in Sources */ = {isa = PBXBuildFile; fileRef = 20A1FF852E4C92DD0080A6D6 /* CacheService.swift */; };
		20A1FF882E4C930B0080A6D6 /* BackgroundTaskManager.swift in Sources */ = {isa = PBXBuildFile; fileRef = 20A1FF872E4C930B0080A6D6 /* BackgroundTaskManager.swift */; };
		20AE281C2E545C37002C1EFD /* GradientBackgroundView.swift in Sources */ = {isa = PBXBuildFile; fileRef = 20AE281B2E545C37002C1EFD /* GradientBackgroundView.swift */; };
		20AE281E2E545EA7002C1EFD /* UIViewController+GradientBackground.swift in Sources */ = {isa = PBXBuildFile; fileRef = 20AE281D2E545EA7002C1EFD /* UIViewController+GradientBackground.swift */; };
		20AE28202E5475B3002C1EFD /* WeatherTableViewCell.swift in Sources */ = {isa = PBXBuildFile; fileRef = 20AE281F2E5475B3002C1EFD /* WeatherTableViewCell.swift */; };
		20AE28222E547A46002C1EFD /*  WeatherDataLoading.swift in Sources */ = {isa = PBXBuildFile; fileRef = 20AE28212E547A46002C1EFD /*  WeatherDataLoading.swift */; };
		20AE28242E547A5A002C1EFD /* WeatherSearchBar.swift in Sources */ = {isa = PBXBuildFile; fileRef = 20AE28232E547A5A002C1EFD /* WeatherSearchBar.swift */; };
		20AE28262E548209002C1EFD /* WeatherImages.swift in Sources */ = {isa = PBXBuildFile; fileRef = 20AE28252E548209002C1EFD /* WeatherImages.swift */; };
		20BC28802E556C930086126D /* CitySearchService.swift in Sources */ = {isa = PBXBuildFile; fileRef = 20BC287F2E556C930086126D /* CitySearchService.swift */; };
		20BC28822E556CBE0086126D /* CitySearchResponse.swift in Sources */ = {isa = PBXBuildFile; fileRef = 20BC28812E556CBE0086126D /* CitySearchResponse.swift */; };
		20BC28842E556CCE0086126D /* CitySearchResult+Extensions.swift in Sources */ = {isa = PBXBuildFile; fileRef = 20BC28832E556CCE0086126D /* CitySearchResult+Extensions.swift */; };
		20BCB0C62E43039E000D43DC /* AppDelegate.swift in Sources */ = {isa = PBXBuildFile; fileRef = 20BCB0C52E43039E000D43DC /* AppDelegate.swift */; };
		20BCB0C82E43039E000D43DC /* SceneDelegate.swift in Sources */ = {isa = PBXBuildFile; fileRef = 20BCB0C72E43039E000D43DC /* SceneDelegate.swift */; };
		20BCB0CD2E43039E000D43DC /* Main.storyboard in Resources */ = {isa = PBXBuildFile; fileRef = 20BCB0CB2E43039E000D43DC /* Main.storyboard */; };
		20BCB0D02E43039E000D43DC /* WeatherApp.xcdatamodeld in Sources */ = {isa = PBXBuildFile; fileRef = 20BCB0CE2E43039E000D43DC /* WeatherApp.xcdatamodeld */; };
		20BCB0D22E4303A1000D43DC /* Assets.xcassets in Resources */ = {isa = PBXBuildFile; fileRef = 20BCB0D12E4303A1000D43DC /* Assets.xcassets */; };
		20BCB0D52E4303A1000D43DC /* LaunchScreen.storyboard in Resources */ = {isa = PBXBuildFile; fileRef = 20BCB0D32E4303A1000D43DC /* LaunchScreen.storyboard */; };
		20BEC10A2E52D2EB003CD126 /* ForecastGradientView.swift in Sources */ = {isa = PBXBuildFile; fileRef = 20BEC1092E52D2EB003CD126 /* ForecastGradientView.swift */; };
		20BEC10D2E52D496003CD126 /* WeatherDisplayData.swift in Sources */ = {isa = PBXBuildFile; fileRef = 20BEC10C2E52D496003CD126 /* WeatherDisplayData.swift */; };
		20BEC10F2E52D4C2003CD126 /* HomeViewExtensions.swift in Sources */ = {isa = PBXBuildFile; fileRef = 20BEC10E2E52D4C2003CD126 /* HomeViewExtensions.swift */; };
		20BEC1172E52DC81003CD126 /* ForecastCollectionCell.swift in Sources */ = {isa = PBXBuildFile; fileRef = 20BEC1162E52DC81003CD126 /* ForecastCollectionCell.swift */; };
		20C877802E4D7E640015AA93 /* NetworkError.swift in Sources */ = {isa = PBXBuildFile; fileRef = 20C8777F2E4D7E640015AA93 /* NetworkError.swift */; };
		20C877822E4D7E9A0015AA93 /* WeatherRepository.swift in Sources */ = {isa = PBXBuildFile; fileRef = 20C877812E4D7E9A0015AA93 /* WeatherRepository.swift */; };
		20C877842E4D7EB20015AA93 /* WeatherAPIError.swift in Sources */ = {isa = PBXBuildFile; fileRef = 20C877832E4D7EB20015AA93 /* WeatherAPIError.swift */; };
		20DA0E2A2E4D817E00353E98 /* DataError.swift in Sources */ = {isa = PBXBuildFile; fileRef = 20DA0E292E4D817E00353E98 /* DataError.swift */; };
		20DD3B4D2E43B7FC0052AF4C /* TabBarType.swift in Sources */ = {isa = PBXBuildFile; fileRef = 20DD3B4C2E43B7FC0052AF4C /* TabBarType.swift */; };
/* End PBXBuildFile section */

/* Begin PBXContainerItemProxy section */
		20BCB0DC2E4303A2000D43DC /* PBXContainerItemProxy */ = {
			isa = PBXContainerItemProxy;
			containerPortal = 20BCB0BA2E43039E000D43DC /* Project object */;
			proxyType = 1;
			remoteGlobalIDString = 20BCB0C12E43039E000D43DC;
			remoteInfo = WeatherApp;
		};
		20BCB0E62E4303A2000D43DC /* PBXContainerItemProxy */ = {
			isa = PBXContainerItemProxy;
			containerPortal = 20BCB0BA2E43039E000D43DC /* Project object */;
			proxyType = 1;
			remoteGlobalIDString = 20BCB0C12E43039E000D43DC;
			remoteInfo = WeatherApp;
		};
/* End PBXContainerItemProxy section */

/* Begin PBXFileReference section */
		201705382E53199300DDBE9A /* UIViewController+Extension.swift */ = {isa = PBXFileReference; lastKnownFileType = sourcecode.swift; path = "UIViewController+Extension.swift"; sourceTree = "<group>"; };
		2017053A2E531AAE00DDBE9A /* HourlyDisplayData.swift */ = {isa = PBXFileReference; lastKnownFileType = sourcecode.swift; path = HourlyDisplayData.swift; sourceTree = "<group>"; };
		2017053C2E531AC100DDBE9A /* WeeklyDisplayData.swift */ = {isa = PBXFileReference; lastKnownFileType = sourcecode.swift; path = WeeklyDisplayData.swift; sourceTree = "<group>"; };
		206D0B372E432F7500827E46 /* BaseViewController.swift */ = {isa = PBXFileReference; lastKnownFileType = sourcecode.swift; path = BaseViewController.swift; sourceTree = "<group>"; };
		206D0B392E432F8300827E46 /* HomeViewController.swift */ = {isa = PBXFileReference; lastKnownFileType = sourcecode.swift; path = HomeViewController.swift; sourceTree = "<group>"; };
		206D0B3B2E432F8F00827E46 /* WeatherViewController.swift */ = {isa = PBXFileReference; lastKnownFileType = sourcecode.swift; path = WeatherViewController.swift; sourceTree = "<group>"; };
		206D0B3D2E432F9C00827E46 /* FavoritesViewController.swift */ = {isa = PBXFileReference; lastKnownFileType = sourcecode.swift; path = FavoritesViewController.swift; sourceTree = "<group>"; };
		206D0B3F2E432FA900827E46 /* SettingsViewController.swift */ = {isa = PBXFileReference; lastKnownFileType = sourcecode.swift; path = SettingsViewController.swift; sourceTree = "<group>"; };
		20A1FF662E4C73F50080A6D6 /* CityLocation.swift */ = {isa = PBXFileReference; fileEncoding = 4; lastKnownFileType = sourcecode.swift; path = CityLocation.swift; sourceTree = "<group>"; };
		20A1FF672E4C73F50080A6D6 /* CitySearchResult.swift */ = {isa = PBXFileReference; fileEncoding = 4; lastKnownFileType = sourcecode.swift; path = CitySearchResult.swift; sourceTree = "<group>"; };
		20A1FF682E4C73F50080A6D6 /* CoreDataService.swift */ = {isa = PBXFileReference; fileEncoding = 4; lastKnownFileType = sourcecode.swift; path = CoreDataService.swift; sourceTree = "<group>"; };
		20A1FF692E4C73F50080A6D6 /* String+Extensions.swift */ = {isa = PBXFileReference; fileEncoding = 4; lastKnownFileType = sourcecode.swift; path = "String+Extensions.swift"; sourceTree = "<group>"; };
		20A1FF6A2E4C73F50080A6D6 /* LocationError.swift */ = {isa = PBXFileReference; fileEncoding = 4; lastKnownFileType = sourcecode.swift; path = LocationError.swift; sourceTree = "<group>"; };
		20A1FF6B2E4C73F50080A6D6 /* LocationValidator.swift */ = {isa = PBXFileReference; fileEncoding = 4; lastKnownFileType = sourcecode.swift; path = LocationValidator.swift; sourceTree = "<group>"; };
		20A1FF722E4C744F0080A6D6 /* FavoriteCity+Extensions.swift */ = {isa = PBXFileReference; fileEncoding = 4; lastKnownFileType = sourcecode.swift; path = "FavoriteCity+Extensions.swift"; sourceTree = "<group>"; };
		20A1FF732E4C744F0080A6D6 /* WeatherModels.swift */ = {isa = PBXFileReference; fileEncoding = 4; lastKnownFileType = sourcecode.swift; path = WeatherModels.swift; sourceTree = "<group>"; };
		20A1FF742E4C74500080A6D6 /* ForecastModels.swift */ = {isa = PBXFileReference; fileEncoding = 4; lastKnownFileType = sourcecode.swift; path = ForecastModels.swift; sourceTree = "<group>"; };
		20A1FF812E4C83B00080A6D6 /* NetworkManager.swift */ = {isa = PBXFileReference; lastKnownFileType = sourcecode.swift; path = NetworkManager.swift; sourceTree = "<group>"; };
		20A1FF832E4C92CD0080A6D6 /* DataManager.swift */ = {isa = PBXFileReference; lastKnownFileType = sourcecode.swift; path = DataManager.swift; sourceTree = "<group>"; };
		20A1FF852E4C92DD0080A6D6 /* CacheService.swift */ = {isa = PBXFileReference; lastKnownFileType = sourcecode.swift; path = CacheService.swift; sourceTree = "<group>"; };
		20A1FF872E4C930B0080A6D6 /* BackgroundTaskManager.swift */ = {isa = PBXFileReference; lastKnownFileType = sourcecode.swift; path = BackgroundTaskManager.swift; sourceTree = "<group>"; };
		20AE281B2E545C37002C1EFD /* GradientBackgroundView.swift */ = {isa = PBXFileReference; lastKnownFileType = sourcecode.swift; path = GradientBackgroundView.swift; sourceTree = "<group>"; };
		20AE281D2E545EA7002C1EFD /* UIViewController+GradientBackground.swift */ = {isa = PBXFileReference; lastKnownFileType = sourcecode.swift; path = "UIViewController+GradientBackground.swift"; sourceTree = "<group>"; };
		20AE281F2E5475B3002C1EFD /* WeatherTableViewCell.swift */ = {isa = PBXFileReference; lastKnownFileType = sourcecode.swift; path = WeatherTableViewCell.swift; sourceTree = "<group>"; };
		20AE28212E547A46002C1EFD /*  WeatherDataLoading.swift */ = {isa = PBXFileReference; lastKnownFileType = sourcecode.swift; path = " WeatherDataLoading.swift"; sourceTree = "<group>"; };
		20AE28232E547A5A002C1EFD /* WeatherSearchBar.swift */ = {isa = PBXFileReference; lastKnownFileType = sourcecode.swift; path = WeatherSearchBar.swift; sourceTree = "<group>"; };
		20AE28252E548209002C1EFD /* WeatherImages.swift */ = {isa = PBXFileReference; lastKnownFileType = sourcecode.swift; path = WeatherImages.swift; sourceTree = "<group>"; };
		20BC287F2E556C930086126D /* CitySearchService.swift */ = {isa = PBXFileReference; lastKnownFileType = sourcecode.swift; path = CitySearchService.swift; sourceTree = "<group>"; };
		20BC28812E556CBE0086126D /* CitySearchResponse.swift */ = {isa = PBXFileReference; lastKnownFileType = sourcecode.swift; path = CitySearchResponse.swift; sourceTree = "<group>"; };
		20BC28832E556CCE0086126D /* CitySearchResult+Extensions.swift */ = {isa = PBXFileReference; lastKnownFileType = sourcecode.swift; path = "CitySearchResult+Extensions.swift"; sourceTree = "<group>"; };
		20BCB0C22E43039E000D43DC /* WeatherApp.app */ = {isa = PBXFileReference; explicitFileType = wrapper.application; includeInIndex = 0; path = WeatherApp.app; sourceTree = BUILT_PRODUCTS_DIR; };
		20BCB0C52E43039E000D43DC /* AppDelegate.swift */ = {isa = PBXFileReference; lastKnownFileType = sourcecode.swift; path = AppDelegate.swift; sourceTree = "<group>"; };
		20BCB0C72E43039E000D43DC /* SceneDelegate.swift */ = {isa = PBXFileReference; lastKnownFileType = sourcecode.swift; path = SceneDelegate.swift; sourceTree = "<group>"; };
		20BCB0CC2E43039E000D43DC /* Base */ = {isa = PBXFileReference; lastKnownFileType = file.storyboard; name = Base; path = Base.lproj/Main.storyboard; sourceTree = "<group>"; };
		20BCB0CF2E43039E000D43DC /* WeatherApp.xcdatamodel */ = {isa = PBXFileReference; lastKnownFileType = wrapper.xcdatamodel; path = WeatherApp.xcdatamodel; sourceTree = "<group>"; };
		20BCB0D12E4303A1000D43DC /* Assets.xcassets */ = {isa = PBXFileReference; lastKnownFileType = folder.assetcatalog; path = Assets.xcassets; sourceTree = "<group>"; };
		20BCB0D42E4303A1000D43DC /* Base */ = {isa = PBXFileReference; lastKnownFileType = file.storyboard; name = Base; path = Base.lproj/LaunchScreen.storyboard; sourceTree = "<group>"; };
		20BCB0D62E4303A1000D43DC /* Info.plist */ = {isa = PBXFileReference; lastKnownFileType = text.plist.xml; path = Info.plist; sourceTree = "<group>"; };
		20BCB0DB2E4303A2000D43DC /* WeatherAppTests.xctest */ = {isa = PBXFileReference; explicitFileType = wrapper.cfbundle; includeInIndex = 0; path = WeatherAppTests.xctest; sourceTree = BUILT_PRODUCTS_DIR; };
		20BCB0E52E4303A2000D43DC /* WeatherAppUITests.xctest */ = {isa = PBXFileReference; explicitFileType = wrapper.cfbundle; includeInIndex = 0; path = WeatherAppUITests.xctest; sourceTree = BUILT_PRODUCTS_DIR; };
		20BEC1092E52D2EB003CD126 /* ForecastGradientView.swift */ = {isa = PBXFileReference; lastKnownFileType = sourcecode.swift; path = ForecastGradientView.swift; sourceTree = "<group>"; };
		20BEC10C2E52D496003CD126 /* WeatherDisplayData.swift */ = {isa = PBXFileReference; lastKnownFileType = sourcecode.swift; path = WeatherDisplayData.swift; sourceTree = "<group>"; };
		20BEC10E2E52D4C2003CD126 /* HomeViewExtensions.swift */ = {isa = PBXFileReference; lastKnownFileType = sourcecode.swift; path = HomeViewExtensions.swift; sourceTree = "<group>"; };
		20BEC1162E52DC81003CD126 /* ForecastCollectionCell.swift */ = {isa = PBXFileReference; lastKnownFileType = sourcecode.swift; path = ForecastCollectionCell.swift; sourceTree = "<group>"; };
		20C8777F2E4D7E640015AA93 /* NetworkError.swift */ = {isa = PBXFileReference; lastKnownFileType = sourcecode.swift; path = NetworkError.swift; sourceTree = "<group>"; };
		20C877812E4D7E9A0015AA93 /* WeatherRepository.swift */ = {isa = PBXFileReference; lastKnownFileType = sourcecode.swift; path = WeatherRepository.swift; sourceTree = "<group>"; };
		20C877832E4D7EB20015AA93 /* WeatherAPIError.swift */ = {isa = PBXFileReference; lastKnownFileType = sourcecode.swift; path = WeatherAPIError.swift; sourceTree = "<group>"; };
		20DA0E292E4D817E00353E98 /* DataError.swift */ = {isa = PBXFileReference; lastKnownFileType = sourcecode.swift; path = DataError.swift; sourceTree = "<group>"; };
		20DD3B4C2E43B7FC0052AF4C /* TabBarType.swift */ = {isa = PBXFileReference; lastKnownFileType = sourcecode.swift; path = TabBarType.swift; sourceTree = "<group>"; };
/* End PBXFileReference section */

/* Begin PBXFrameworksBuildPhase section */
		20BCB0BF2E43039E000D43DC /* Frameworks */ = {
			isa = PBXFrameworksBuildPhase;
			buildActionMask = 2147483647;
			files = (
			);
			runOnlyForDeploymentPostprocessing = 0;
		};
		20BCB0D82E4303A2000D43DC /* Frameworks */ = {
			isa = PBXFrameworksBuildPhase;
			buildActionMask = 2147483647;
			files = (
			);
			runOnlyForDeploymentPostprocessing = 0;
		};
		20BCB0E22E4303A2000D43DC /* Frameworks */ = {
			isa = PBXFrameworksBuildPhase;
			buildActionMask = 2147483647;
			files = (
			);
			runOnlyForDeploymentPostprocessing = 0;
		};
/* End PBXFrameworksBuildPhase section */

/* Begin PBXGroup section */
		206D0B312E432AEA00827E46 /* Models */ = {
			isa = PBXGroup;
			children = (
				20A1FF742E4C74500080A6D6 /* ForecastModels.swift */,
				20A1FF732E4C744F0080A6D6 /* WeatherModels.swift */,
				20A1FF662E4C73F50080A6D6 /* CityLocation.swift */,
				20A1FF672E4C73F50080A6D6 /* CitySearchResult.swift */,
				20A1FF682E4C73F50080A6D6 /* CoreDataService.swift */,
				20A1FF6A2E4C73F50080A6D6 /* LocationError.swift */,
				20A1FF6B2E4C73F50080A6D6 /* LocationValidator.swift */,
			);
			path = Models;
			sourceTree = "<group>";
		};
		206D0B322E432AF800827E46 /* Views */ = {
			isa = PBXGroup;
			children = (
				20BCB0D32E4303A1000D43DC /* LaunchScreen.storyboard */,
				20BCB0CB2E43039E000D43DC /* Main.storyboard */,
			);
			path = Views;
			sourceTree = "<group>";
		};
		206D0B332E432B0700827E46 /* Controllers */ = {
			isa = PBXGroup;
			children = (
				20D51A642E54160F004F1BB3 /* WeatherViewController */,
				20BEC10B2E52D44C003CD126 /* HomeViewController */,
				206D0B372E432F7500827E46 /* BaseViewController.swift */,
				206D0B3D2E432F9C00827E46 /* FavoritesViewController.swift */,
				206D0B3F2E432FA900827E46 /* SettingsViewController.swift */,
			);
			path = Controllers;
			sourceTree = "<group>";
		};
		206D0B352E432B2E00827E46 /* Resources */ = {
			isa = PBXGroup;
			children = (
				20BCB0D12E4303A1000D43DC /* Assets.xcassets */,
			);
			path = Resources;
			sourceTree = "<group>";
		};
		206D0B362E432B3B00827E46 /* Core */ = {
			isa = PBXGroup;
			children = (
				20BCB0C52E43039E000D43DC /* AppDelegate.swift */,
				20BCB0C72E43039E000D43DC /* SceneDelegate.swift */,
				20BCB0CE2E43039E000D43DC /* WeatherApp.xcdatamodeld */,
				20DD3B4C2E43B7FC0052AF4C /* TabBarType.swift */,
			);
			path = Core;
			sourceTree = "<group>";
		};
		20A1FF782E4C81110080A6D6 /* Services */ = {
			isa = PBXGroup;
			children = (
				20A1FF812E4C83B00080A6D6 /* NetworkManager.swift */,
				20A1FF832E4C92CD0080A6D6 /* DataManager.swift */,
				20A1FF852E4C92DD0080A6D6 /* CacheService.swift */,
				20A1FF872E4C930B0080A6D6 /* BackgroundTaskManager.swift */,
				20C8777F2E4D7E640015AA93 /* NetworkError.swift */,
				20C877812E4D7E9A0015AA93 /* WeatherRepository.swift */,
				20C877832E4D7EB20015AA93 /* WeatherAPIError.swift */,
				20DA0E292E4D817E00353E98 /* DataError.swift */,
			);
			path = Services;
			sourceTree = "<group>";
		};
		20BC287E2E556C670086126D /* SearchService */ = {
			isa = PBXGroup;
			children = (
				20AE28232E547A5A002C1EFD /* WeatherSearchBar.swift */,
				20BC287F2E556C930086126D /* CitySearchService.swift */,
				20BC28812E556CBE0086126D /* CitySearchResponse.swift */,
				20BC28832E556CCE0086126D /* CitySearchResult+Extensions.swift */,
			);
			path = SearchService;
			sourceTree = "<group>";
		};
		20BCB0B92E43039E000D43DC = {
			isa = PBXGroup;
			children = (
				20BCB0C42E43039E000D43DC /* WeatherApp */,
				20BCB0C32E43039E000D43DC /* Products */,
			);
			sourceTree = "<group>";
		};
		20BCB0C32E43039E000D43DC /* Products */ = {
			isa = PBXGroup;
			children = (
				20BCB0C22E43039E000D43DC /* WeatherApp.app */,
				20BCB0DB2E4303A2000D43DC /* WeatherAppTests.xctest */,
				20BCB0E52E4303A2000D43DC /* WeatherAppUITests.xctest */,
			);
			name = Products;
			sourceTree = "<group>";
		};
		20BCB0C42E43039E000D43DC /* WeatherApp */ = {
			isa = PBXGroup;
			children = (
				20D51A652E541687004F1BB3 /* Extensions */,
				20A1FF782E4C81110080A6D6 /* Services */,
				20BCB0D62E4303A1000D43DC /* Info.plist */,
				206D0B312E432AEA00827E46 /* Models */,
				206D0B322E432AF800827E46 /* Views */,
				206D0B332E432B0700827E46 /* Controllers */,
				206D0B352E432B2E00827E46 /* Resources */,
				206D0B362E432B3B00827E46 /* Core */,
			);
			path = WeatherApp;
			sourceTree = "<group>";
		};
		20BEC10B2E52D44C003CD126 /* HomeViewController */ = {
			isa = PBXGroup;
			children = (
				20BEC1092E52D2EB003CD126 /* ForecastGradientView.swift */,
				206D0B392E432F8300827E46 /* HomeViewController.swift */,
				20BEC10C2E52D496003CD126 /* WeatherDisplayData.swift */,
				20BEC10E2E52D4C2003CD126 /* HomeViewExtensions.swift */,
				20BEC1162E52DC81003CD126 /* ForecastCollectionCell.swift */,
				2017053A2E531AAE00DDBE9A /* HourlyDisplayData.swift */,
				2017053C2E531AC100DDBE9A /* WeeklyDisplayData.swift */,
			);
			path = HomeViewController;
			sourceTree = "<group>";
		};
		20D51A642E54160F004F1BB3 /* WeatherViewController */ = {
			isa = PBXGroup;
			children = (
				20BC287E2E556C670086126D /* SearchService */,
				206D0B3B2E432F8F00827E46 /* WeatherViewController.swift */,
				20AE281B2E545C37002C1EFD /* GradientBackgroundView.swift */,
				20AE281F2E5475B3002C1EFD /* WeatherTableViewCell.swift */,
				20AE28212E547A46002C1EFD /*  WeatherDataLoading.swift */,
				20AE28252E548209002C1EFD /* WeatherImages.swift */,
			);
			path = WeatherViewController;
			sourceTree = "<group>";
		};
		20D51A652E541687004F1BB3 /* Extensions */ = {
			isa = PBXGroup;
			children = (
				20A1FF722E4C744F0080A6D6 /* FavoriteCity+Extensions.swift */,
				201705382E53199300DDBE9A /* UIViewController+Extension.swift */,
				20A1FF692E4C73F50080A6D6 /* String+Extensions.swift */,
				20AE281D2E545EA7002C1EFD /* UIViewController+GradientBackground.swift */,
			);
			path = Extensions;
			sourceTree = "<group>";
		};
/* End PBXGroup section */

/* Begin PBXNativeTarget section */
		20BCB0C12E43039E000D43DC /* WeatherApp */ = {
			isa = PBXNativeTarget;
			buildConfigurationList = 20BCB0EF2E4303A2000D43DC /* Build configuration list for PBXNativeTarget "WeatherApp" */;
			buildPhases = (
				20BCB0BE2E43039E000D43DC /* Sources */,
				20BCB0BF2E43039E000D43DC /* Frameworks */,
				20BCB0C02E43039E000D43DC /* Resources */,
				20BCB0F92E430739000D43DC /* SwiftLint */,
			);
			buildRules = (
			);
			dependencies = (
			);
			name = WeatherApp;
			productName = WeatherApp;
			productReference = 20BCB0C22E43039E000D43DC /* WeatherApp.app */;
			productType = "com.apple.product-type.application";
		};
		20BCB0DA2E4303A2000D43DC /* WeatherAppTests */ = {
			isa = PBXNativeTarget;
			buildConfigurationList = 20BCB0F22E4303A2000D43DC /* Build configuration list for PBXNativeTarget "WeatherAppTests" */;
			buildPhases = (
				20BCB0D72E4303A2000D43DC /* Sources */,
				20BCB0D82E4303A2000D43DC /* Frameworks */,
				20BCB0D92E4303A2000D43DC /* Resources */,
			);
			buildRules = (
			);
			dependencies = (
				20BCB0DD2E4303A2000D43DC /* PBXTargetDependency */,
			);
			name = WeatherAppTests;
			productName = WeatherAppTests;
			productReference = 20BCB0DB2E4303A2000D43DC /* WeatherAppTests.xctest */;
			productType = "com.apple.product-type.bundle.unit-test";
		};
		20BCB0E42E4303A2000D43DC /* WeatherAppUITests */ = {
			isa = PBXNativeTarget;
			buildConfigurationList = 20BCB0F52E4303A2000D43DC /* Build configuration list for PBXNativeTarget "WeatherAppUITests" */;
			buildPhases = (
				20BCB0E12E4303A2000D43DC /* Sources */,
				20BCB0E22E4303A2000D43DC /* Frameworks */,
				20BCB0E32E4303A2000D43DC /* Resources */,
			);
			buildRules = (
			);
			dependencies = (
				20BCB0E72E4303A2000D43DC /* PBXTargetDependency */,
			);
			name = WeatherAppUITests;
			productName = WeatherAppUITests;
			productReference = 20BCB0E52E4303A2000D43DC /* WeatherAppUITests.xctest */;
			productType = "com.apple.product-type.bundle.ui-testing";
		};
/* End PBXNativeTarget section */

/* Begin PBXProject section */
		20BCB0BA2E43039E000D43DC /* Project object */ = {
			isa = PBXProject;
			attributes = {
				BuildIndependentTargetsInParallel = 1;
				LastSwiftUpdateCheck = 1520;
				LastUpgradeCheck = 1520;
				TargetAttributes = {
					20BCB0C12E43039E000D43DC = {
						CreatedOnToolsVersion = 15.2;
					};
					20BCB0DA2E4303A2000D43DC = {
						CreatedOnToolsVersion = 15.2;
						TestTargetID = 20BCB0C12E43039E000D43DC;
					};
					20BCB0E42E4303A2000D43DC = {
						CreatedOnToolsVersion = 15.2;
						TestTargetID = 20BCB0C12E43039E000D43DC;
					};
				};
			};
			buildConfigurationList = 20BCB0BD2E43039E000D43DC /* Build configuration list for PBXProject "WeatherApp" */;
			compatibilityVersion = "Xcode 14.0";
			developmentRegion = en;
			hasScannedForEncodings = 0;
			knownRegions = (
				en,
				Base,
			);
			mainGroup = 20BCB0B92E43039E000D43DC;
			productRefGroup = 20BCB0C32E43039E000D43DC /* Products */;
			projectDirPath = "";
			projectRoot = "";
			targets = (
				20BCB0C12E43039E000D43DC /* WeatherApp */,
				20BCB0DA2E4303A2000D43DC /* WeatherAppTests */,
				20BCB0E42E4303A2000D43DC /* WeatherAppUITests */,
			);
		};
/* End PBXProject section */

/* Begin PBXResourcesBuildPhase section */
		20BCB0C02E43039E000D43DC /* Resources */ = {
			isa = PBXResourcesBuildPhase;
			buildActionMask = 2147483647;
			files = (
				20BCB0D52E4303A1000D43DC /* LaunchScreen.storyboard in Resources */,
				20BCB0D22E4303A1000D43DC /* Assets.xcassets in Resources */,
				20BCB0CD2E43039E000D43DC /* Main.storyboard in Resources */,
			);
			runOnlyForDeploymentPostprocessing = 0;
		};
		20BCB0D92E4303A2000D43DC /* Resources */ = {
			isa = PBXResourcesBuildPhase;
			buildActionMask = 2147483647;
			files = (
			);
			runOnlyForDeploymentPostprocessing = 0;
		};
		20BCB0E32E4303A2000D43DC /* Resources */ = {
			isa = PBXResourcesBuildPhase;
			buildActionMask = 2147483647;
			files = (
			);
			runOnlyForDeploymentPostprocessing = 0;
		};
/* End PBXResourcesBuildPhase section */

/* Begin PBXShellScriptBuildPhase section */
		20BCB0F92E430739000D43DC /* SwiftLint */ = {
			isa = PBXShellScriptBuildPhase;
			buildActionMask = 2147483647;
			files = (
			);
			inputFileListPaths = (
			);
			inputPaths = (
			);
			name = SwiftLint;
			outputFileListPaths = (
			);
			outputPaths = (
			);
			runOnlyForDeploymentPostprocessing = 0;
			shellPath = /bin/sh;
			shellScript = "# SwiftLint temporarily disabled due to compatibility issue\necho \"SwiftLint integration completed but temporarily disabled\"\necho \"Manual linting can be done with: swiftlint --config ../.swiftlint.yml\"\n\n# if which swiftlint >/dev/null; then\n#     cd \"${SRCROOT}/..\"\n#     swiftlint --config .swiftlint.yml WeatherApp/\n# else\n#     echo \"warning: SwiftLint not installed\"\n# fi\n";
		};
/* End PBXShellScriptBuildPhase section */

/* Begin PBXSourcesBuildPhase section */
		20BCB0BE2E43039E000D43DC /* Sources */ = {
			isa = PBXSourcesBuildPhase;
			buildActionMask = 2147483647;
			files = (
				201705392E53199300DDBE9A /* UIViewController+Extension.swift in Sources */,
				206D0B3A2E432F8300827E46 /* HomeViewController.swift in Sources */,
				20C877842E4D7EB20015AA93 /* WeatherAPIError.swift in Sources */,
				20A1FF762E4C74500080A6D6 /* WeatherModels.swift in Sources */,
				2017053D2E531AC100DDBE9A /* WeeklyDisplayData.swift in Sources */,
				20A1FF772E4C74500080A6D6 /* ForecastModels.swift in Sources */,
				20A1FF6C2E4C73F50080A6D6 /* CityLocation.swift in Sources */,
				20BEC10F2E52D4C2003CD126 /* HomeViewExtensions.swift in Sources */,
				20AE28242E547A5A002C1EFD /* WeatherSearchBar.swift in Sources */,
				206D0B3C2E432F8F00827E46 /* WeatherViewController.swift in Sources */,
				206D0B3E2E432F9C00827E46 /* FavoritesViewController.swift in Sources */,
				2017053B2E531AAE00DDBE9A /* HourlyDisplayData.swift in Sources */,
				20A1FF702E4C73F50080A6D6 /* LocationError.swift in Sources */,
				20A1FF6F2E4C73F50080A6D6 /* String+Extensions.swift in Sources */,
				20DD3B4D2E43B7FC0052AF4C /* TabBarType.swift in Sources */,
				20C877802E4D7E640015AA93 /* NetworkError.swift in Sources */,
				20BC28822E556CBE0086126D /* CitySearchResponse.swift in Sources */,
				20A1FF6E2E4C73F50080A6D6 /* CoreDataService.swift in Sources */,
				20A1FF862E4C92DD0080A6D6 /* CacheService.swift in Sources */,
				20A1FF842E4C92CD0080A6D6 /* DataManager.swift in Sources */,
				206D0B382E432F7500827E46 /* BaseViewController.swift in Sources */,
				20A1FF882E4C930B0080A6D6 /* BackgroundTaskManager.swift in Sources */,
				20A1FF822E4C83B00080A6D6 /* NetworkManager.swift in Sources */,
				20BCB0D02E43039E000D43DC /* WeatherApp.xcdatamodeld in Sources */,
				20AE281E2E545EA7002C1EFD /* UIViewController+GradientBackground.swift in Sources */,
				20BCB0C62E43039E000D43DC /* AppDelegate.swift in Sources */,
				20AE28202E5475B3002C1EFD /* WeatherTableViewCell.swift in Sources */,
				20BC28802E556C930086126D /* CitySearchService.swift in Sources */,
				20C877822E4D7E9A0015AA93 /* WeatherRepository.swift in Sources */,
				20A1FF712E4C73F50080A6D6 /* LocationValidator.swift in Sources */,
				20BEC1172E52DC81003CD126 /* ForecastCollectionCell.swift in Sources */,
				20AE28222E547A46002C1EFD /*  WeatherDataLoading.swift in Sources */,
				20A1FF752E4C74500080A6D6 /* FavoriteCity+Extensions.swift in Sources */,
				20A1FF6D2E4C73F50080A6D6 /* CitySearchResult.swift in Sources */,
				20AE28262E548209002C1EFD /* WeatherImages.swift in Sources */,
				20BEC10D2E52D496003CD126 /* WeatherDisplayData.swift in Sources */,
				20BEC10A2E52D2EB003CD126 /* ForecastGradientView.swift in Sources */,
				20BC28842E556CCE0086126D /* CitySearchResult+Extensions.swift in Sources */,
				20BCB0C82E43039E000D43DC /* SceneDelegate.swift in Sources */,
				20DA0E2A2E4D817E00353E98 /* DataError.swift in Sources */,
				20AE281C2E545C37002C1EFD /* GradientBackgroundView.swift in Sources */,
				206D0B402E432FA900827E46 /* SettingsViewController.swift in Sources */,
			);
			runOnlyForDeploymentPostprocessing = 0;
		};
		20BCB0D72E4303A2000D43DC /* Sources */ = {
			isa = PBXSourcesBuildPhase;
			buildActionMask = 2147483647;
			files = (
			);
			runOnlyForDeploymentPostprocessing = 0;
		};
		20BCB0E12E4303A2000D43DC /* Sources */ = {
			isa = PBXSourcesBuildPhase;
			buildActionMask = 2147483647;
			files = (
			);
			runOnlyForDeploymentPostprocessing = 0;
		};
/* End PBXSourcesBuildPhase section */

/* Begin PBXTargetDependency section */
		20BCB0DD2E4303A2000D43DC /* PBXTargetDependency */ = {
			isa = PBXTargetDependency;
			target = 20BCB0C12E43039E000D43DC /* WeatherApp */;
			targetProxy = 20BCB0DC2E4303A2000D43DC /* PBXContainerItemProxy */;
		};
		20BCB0E72E4303A2000D43DC /* PBXTargetDependency */ = {
			isa = PBXTargetDependency;
			target = 20BCB0C12E43039E000D43DC /* WeatherApp */;
			targetProxy = 20BCB0E62E4303A2000D43DC /* PBXContainerItemProxy */;
		};
/* End PBXTargetDependency section */

/* Begin PBXVariantGroup section */
		20BCB0CB2E43039E000D43DC /* Main.storyboard */ = {
			isa = PBXVariantGroup;
			children = (
				20BCB0CC2E43039E000D43DC /* Base */,
			);
			name = Main.storyboard;
			sourceTree = "<group>";
		};
		20BCB0D32E4303A1000D43DC /* LaunchScreen.storyboard */ = {
			isa = PBXVariantGroup;
			children = (
				20BCB0D42E4303A1000D43DC /* Base */,
			);
			name = LaunchScreen.storyboard;
			sourceTree = "<group>";
		};
/* End PBXVariantGroup section */

/* Begin XCBuildConfiguration section */
		20BCB0ED2E4303A2000D43DC /* Debug */ = {
			isa = XCBuildConfiguration;
			buildSettings = {
				ALWAYS_SEARCH_USER_PATHS = NO;
				ASSETCATALOG_COMPILER_GENERATE_SWIFT_ASSET_SYMBOL_EXTENSIONS = YES;
				CLANG_ANALYZER_NONNULL = YES;
				CLANG_ANALYZER_NUMBER_OBJECT_CONVERSION = YES_AGGRESSIVE;
				CLANG_CXX_LANGUAGE_STANDARD = "gnu++20";
				CLANG_ENABLE_MODULES = YES;
				CLANG_ENABLE_OBJC_ARC = YES;
				CLANG_ENABLE_OBJC_WEAK = YES;
				CLANG_WARN_BLOCK_CAPTURE_AUTORELEASING = YES;
				CLANG_WARN_BOOL_CONVERSION = YES;
				CLANG_WARN_COMMA = YES;
				CLANG_WARN_CONSTANT_CONVERSION = YES;
				CLANG_WARN_DEPRECATED_OBJC_IMPLEMENTATIONS = YES;
				CLANG_WARN_DIRECT_OBJC_ISA_USAGE = YES_ERROR;
				CLANG_WARN_DOCUMENTATION_COMMENTS = YES;
				CLANG_WARN_EMPTY_BODY = YES;
				CLANG_WARN_ENUM_CONVERSION = YES;
				CLANG_WARN_INFINITE_RECURSION = YES;
				CLANG_WARN_INT_CONVERSION = YES;
				CLANG_WARN_NON_LITERAL_NULL_CONVERSION = YES;
				CLANG_WARN_OBJC_IMPLICIT_RETAIN_SELF = YES;
				CLANG_WARN_OBJC_LITERAL_CONVERSION = YES;
				CLANG_WARN_OBJC_ROOT_CLASS = YES_ERROR;
				CLANG_WARN_QUOTED_INCLUDE_IN_FRAMEWORK_HEADER = YES;
				CLANG_WARN_RANGE_LOOP_ANALYSIS = YES;
				CLANG_WARN_STRICT_PROTOTYPES = YES;
				CLANG_WARN_SUSPICIOUS_MOVE = YES;
				CLANG_WARN_UNGUARDED_AVAILABILITY = YES_AGGRESSIVE;
				CLANG_WARN_UNREACHABLE_CODE = YES;
				CLANG_WARN__DUPLICATE_METHOD_MATCH = YES;
				COPY_PHASE_STRIP = NO;
				DEBUG_INFORMATION_FORMAT = dwarf;
				ENABLE_STRICT_OBJC_MSGSEND = YES;
				ENABLE_TESTABILITY = YES;
				ENABLE_USER_SCRIPT_SANDBOXING = YES;
				GCC_C_LANGUAGE_STANDARD = gnu17;
				GCC_DYNAMIC_NO_PIC = NO;
				GCC_NO_COMMON_BLOCKS = YES;
				GCC_OPTIMIZATION_LEVEL = 0;
				GCC_PREPROCESSOR_DEFINITIONS = (
					"DEBUG=1",
					"$(inherited)",
				);
				GCC_WARN_64_TO_32_BIT_CONVERSION = YES;
				GCC_WARN_ABOUT_RETURN_TYPE = YES_ERROR;
				GCC_WARN_UNDECLARED_SELECTOR = YES;
				GCC_WARN_UNINITIALIZED_AUTOS = YES_AGGRESSIVE;
				GCC_WARN_UNUSED_FUNCTION = YES;
				GCC_WARN_UNUSED_VARIABLE = YES;
				IPHONEOS_DEPLOYMENT_TARGET = 17.2;
				LOCALIZATION_PREFERS_STRING_CATALOGS = YES;
				MTL_ENABLE_DEBUG_INFO = INCLUDE_SOURCE;
				MTL_FAST_MATH = YES;
				ONLY_ACTIVE_ARCH = YES;
				SDKROOT = iphoneos;
				SWIFT_ACTIVE_COMPILATION_CONDITIONS = "DEBUG $(inherited)";
				SWIFT_OPTIMIZATION_LEVEL = "-Onone";
			};
			name = Debug;
		};
		20BCB0EE2E4303A2000D43DC /* Release */ = {
			isa = XCBuildConfiguration;
			buildSettings = {
				ALWAYS_SEARCH_USER_PATHS = NO;
				ASSETCATALOG_COMPILER_GENERATE_SWIFT_ASSET_SYMBOL_EXTENSIONS = YES;
				CLANG_ANALYZER_NONNULL = YES;
				CLANG_ANALYZER_NUMBER_OBJECT_CONVERSION = YES_AGGRESSIVE;
				CLANG_CXX_LANGUAGE_STANDARD = "gnu++20";
				CLANG_ENABLE_MODULES = YES;
				CLANG_ENABLE_OBJC_ARC = YES;
				CLANG_ENABLE_OBJC_WEAK = YES;
				CLANG_WARN_BLOCK_CAPTURE_AUTORELEASING = YES;
				CLANG_WARN_BOOL_CONVERSION = YES;
				CLANG_WARN_COMMA = YES;
				CLANG_WARN_CONSTANT_CONVERSION = YES;
				CLANG_WARN_DEPRECATED_OBJC_IMPLEMENTATIONS = YES;
				CLANG_WARN_DIRECT_OBJC_ISA_USAGE = YES_ERROR;
				CLANG_WARN_DOCUMENTATION_COMMENTS = YES;
				CLANG_WARN_EMPTY_BODY = YES;
				CLANG_WARN_ENUM_CONVERSION = YES;
				CLANG_WARN_INFINITE_RECURSION = YES;
				CLANG_WARN_INT_CONVERSION = YES;
				CLANG_WARN_NON_LITERAL_NULL_CONVERSION = YES;
				CLANG_WARN_OBJC_IMPLICIT_RETAIN_SELF = YES;
				CLANG_WARN_OBJC_LITERAL_CONVERSION = YES;
				CLANG_WARN_OBJC_ROOT_CLASS = YES_ERROR;
				CLANG_WARN_QUOTED_INCLUDE_IN_FRAMEWORK_HEADER = YES;
				CLANG_WARN_RANGE_LOOP_ANALYSIS = YES;
				CLANG_WARN_STRICT_PROTOTYPES = YES;
				CLANG_WARN_SUSPICIOUS_MOVE = YES;
				CLANG_WARN_UNGUARDED_AVAILABILITY = YES_AGGRESSIVE;
				CLANG_WARN_UNREACHABLE_CODE = YES;
				CLANG_WARN__DUPLICATE_METHOD_MATCH = YES;
				COPY_PHASE_STRIP = NO;
				DEBUG_INFORMATION_FORMAT = "dwarf-with-dsym";
				ENABLE_NS_ASSERTIONS = NO;
				ENABLE_STRICT_OBJC_MSGSEND = YES;
				ENABLE_USER_SCRIPT_SANDBOXING = YES;
				GCC_C_LANGUAGE_STANDARD = gnu17;
				GCC_NO_COMMON_BLOCKS = YES;
				GCC_WARN_64_TO_32_BIT_CONVERSION = YES;
				GCC_WARN_ABOUT_RETURN_TYPE = YES_ERROR;
				GCC_WARN_UNDECLARED_SELECTOR = YES;
				GCC_WARN_UNINITIALIZED_AUTOS = YES_AGGRESSIVE;
				GCC_WARN_UNUSED_FUNCTION = YES;
				GCC_WARN_UNUSED_VARIABLE = YES;
				IPHONEOS_DEPLOYMENT_TARGET = 17.2;
				LOCALIZATION_PREFERS_STRING_CATALOGS = YES;
				MTL_ENABLE_DEBUG_INFO = NO;
				MTL_FAST_MATH = YES;
				SDKROOT = iphoneos;
				SWIFT_COMPILATION_MODE = wholemodule;
				VALIDATE_PRODUCT = YES;
			};
			name = Release;
		};
		20BCB0F02E4303A2000D43DC /* Debug */ = {
			isa = XCBuildConfiguration;
			buildSettings = {
				ASSETCATALOG_COMPILER_APPICON_NAME = AppIcon;
				ASSETCATALOG_COMPILER_GLOBAL_ACCENT_COLOR_NAME = AccentColor;
				CODE_SIGN_STYLE = Automatic;
				CURRENT_PROJECT_VERSION = 1;
				GENERATE_INFOPLIST_FILE = YES;
				INFOPLIST_FILE = WeatherApp/Info.plist;
				INFOPLIST_KEY_UIApplicationSupportsIndirectInputEvents = YES;
				INFOPLIST_KEY_UILaunchStoryboardName = LaunchScreen;
				INFOPLIST_KEY_UIMainStoryboardFile = Main;
				INFOPLIST_KEY_UISupportedInterfaceOrientations_iPad = "UIInterfaceOrientationPortrait UIInterfaceOrientationPortraitUpsideDown UIInterfaceOrientationLandscapeLeft UIInterfaceOrientationLandscapeRight";
				INFOPLIST_KEY_UISupportedInterfaceOrientations_iPhone = "UIInterfaceOrientationPortrait UIInterfaceOrientationLandscapeLeft UIInterfaceOrientationLandscapeRight";
				LD_RUNPATH_SEARCH_PATHS = (
					"$(inherited)",
					"@executable_path/Frameworks",
				);
				MARKETING_VERSION = 1.0;
				PRODUCT_BUNDLE_IDENTIFIER = com.phanducquyenn.WeatherApp;
				PRODUCT_NAME = "$(TARGET_NAME)";
				SWIFT_EMIT_LOC_STRINGS = YES;
				SWIFT_VERSION = 5.0;
				TARGETED_DEVICE_FAMILY = "1,2";
			};
			name = Debug;
		};
		20BCB0F12E4303A2000D43DC /* Release */ = {
			isa = XCBuildConfiguration;
			buildSettings = {
				ASSETCATALOG_COMPILER_APPICON_NAME = AppIcon;
				ASSETCATALOG_COMPILER_GLOBAL_ACCENT_COLOR_NAME = AccentColor;
				CODE_SIGN_STYLE = Automatic;
				CURRENT_PROJECT_VERSION = 1;
				GENERATE_INFOPLIST_FILE = YES;
				INFOPLIST_FILE = WeatherApp/Info.plist;
				INFOPLIST_KEY_UIApplicationSupportsIndirectInputEvents = YES;
				INFOPLIST_KEY_UILaunchStoryboardName = LaunchScreen;
				INFOPLIST_KEY_UIMainStoryboardFile = Main;
				INFOPLIST_KEY_UISupportedInterfaceOrientations_iPad = "UIInterfaceOrientationPortrait UIInterfaceOrientationPortraitUpsideDown UIInterfaceOrientationLandscapeLeft UIInterfaceOrientationLandscapeRight";
				INFOPLIST_KEY_UISupportedInterfaceOrientations_iPhone = "UIInterfaceOrientationPortrait UIInterfaceOrientationLandscapeLeft UIInterfaceOrientationLandscapeRight";
				LD_RUNPATH_SEARCH_PATHS = (
					"$(inherited)",
					"@executable_path/Frameworks",
				);
				MARKETING_VERSION = 1.0;
				PRODUCT_BUNDLE_IDENTIFIER = com.phanducquyenn.WeatherApp;
				PRODUCT_NAME = "$(TARGET_NAME)";
				SWIFT_EMIT_LOC_STRINGS = YES;
				SWIFT_VERSION = 5.0;
				TARGETED_DEVICE_FAMILY = "1,2";
			};
			name = Release;
		};
		20BCB0F32E4303A2000D43DC /* Debug */ = {
			isa = XCBuildConfiguration;
			buildSettings = {
				ALWAYS_EMBED_SWIFT_STANDARD_LIBRARIES = YES;
				BUNDLE_LOADER = "$(TEST_HOST)";
				CODE_SIGN_STYLE = Automatic;
				CURRENT_PROJECT_VERSION = 1;
				GENERATE_INFOPLIST_FILE = YES;
				IPHONEOS_DEPLOYMENT_TARGET = 17.2;
				MARKETING_VERSION = 1.0;
				PRODUCT_BUNDLE_IDENTIFIER = com.phanducquyenn.WeatherAppTests;
				PRODUCT_NAME = "$(TARGET_NAME)";
				SWIFT_EMIT_LOC_STRINGS = NO;
				SWIFT_VERSION = 5.0;
				TARGETED_DEVICE_FAMILY = "1,2";
				TEST_HOST = "$(BUILT_PRODUCTS_DIR)/WeatherApp.app/$(BUNDLE_EXECUTABLE_FOLDER_PATH)/WeatherApp";
			};
			name = Debug;
		};
		20BCB0F42E4303A2000D43DC /* Release */ = {
			isa = XCBuildConfiguration;
			buildSettings = {
				ALWAYS_EMBED_SWIFT_STANDARD_LIBRARIES = YES;
				BUNDLE_LOADER = "$(TEST_HOST)";
				CODE_SIGN_STYLE = Automatic;
				CURRENT_PROJECT_VERSION = 1;
				GENERATE_INFOPLIST_FILE = YES;
				IPHONEOS_DEPLOYMENT_TARGET = 17.2;
				MARKETING_VERSION = 1.0;
				PRODUCT_BUNDLE_IDENTIFIER = com.phanducquyenn.WeatherAppTests;
				PRODUCT_NAME = "$(TARGET_NAME)";
				SWIFT_EMIT_LOC_STRINGS = NO;
				SWIFT_VERSION = 5.0;
				TARGETED_DEVICE_FAMILY = "1,2";
				TEST_HOST = "$(BUILT_PRODUCTS_DIR)/WeatherApp.app/$(BUNDLE_EXECUTABLE_FOLDER_PATH)/WeatherApp";
			};
			name = Release;
		};
		20BCB0F62E4303A2000D43DC /* Debug */ = {
			isa = XCBuildConfiguration;
			buildSettings = {
				ALWAYS_EMBED_SWIFT_STANDARD_LIBRARIES = YES;
				CODE_SIGN_STYLE = Automatic;
				CURRENT_PROJECT_VERSION = 1;
				GENERATE_INFOPLIST_FILE = YES;
				MARKETING_VERSION = 1.0;
				PRODUCT_BUNDLE_IDENTIFIER = com.phanducquyenn.WeatherAppUITests;
				PRODUCT_NAME = "$(TARGET_NAME)";
				SWIFT_EMIT_LOC_STRINGS = NO;
				SWIFT_VERSION = 5.0;
				TARGETED_DEVICE_FAMILY = "1,2";
				TEST_TARGET_NAME = WeatherApp;
			};
			name = Debug;
		};
		20BCB0F72E4303A2000D43DC /* Release */ = {
			isa = XCBuildConfiguration;
			buildSettings = {
				ALWAYS_EMBED_SWIFT_STANDARD_LIBRARIES = YES;
				CODE_SIGN_STYLE = Automatic;
				CURRENT_PROJECT_VERSION = 1;
				GENERATE_INFOPLIST_FILE = YES;
				MARKETING_VERSION = 1.0;
				PRODUCT_BUNDLE_IDENTIFIER = com.phanducquyenn.WeatherAppUITests;
				PRODUCT_NAME = "$(TARGET_NAME)";
				SWIFT_EMIT_LOC_STRINGS = NO;
				SWIFT_VERSION = 5.0;
				TARGETED_DEVICE_FAMILY = "1,2";
				TEST_TARGET_NAME = WeatherApp;
			};
			name = Release;
		};
/* End XCBuildConfiguration section */

/* Begin XCConfigurationList section */
		20BCB0BD2E43039E000D43DC /* Build configuration list for PBXProject "WeatherApp" */ = {
			isa = XCConfigurationList;
			buildConfigurations = (
				20BCB0ED2E4303A2000D43DC /* Debug */,
				20BCB0EE2E4303A2000D43DC /* Release */,
			);
			defaultConfigurationIsVisible = 0;
			defaultConfigurationName = Release;
		};
		20BCB0EF2E4303A2000D43DC /* Build configuration list for PBXNativeTarget "WeatherApp" */ = {
			isa = XCConfigurationList;
			buildConfigurations = (
				20BCB0F02E4303A2000D43DC /* Debug */,
				20BCB0F12E4303A2000D43DC /* Release */,
			);
			defaultConfigurationIsVisible = 0;
			defaultConfigurationName = Release;
		};
		20BCB0F22E4303A2000D43DC /* Build configuration list for PBXNativeTarget "WeatherAppTests" */ = {
			isa = XCConfigurationList;
			buildConfigurations = (
				20BCB0F32E4303A2000D43DC /* Debug */,
				20BCB0F42E4303A2000D43DC /* Release */,
			);
			defaultConfigurationIsVisible = 0;
			defaultConfigurationName = Release;
		};
		20BCB0F52E4303A2000D43DC /* Build configuration list for PBXNativeTarget "WeatherAppUITests" */ = {
			isa = XCConfigurationList;
			buildConfigurations = (
				20BCB0F62E4303A2000D43DC /* Debug */,
				20BCB0F72E4303A2000D43DC /* Release */,
			);
			defaultConfigurationIsVisible = 0;
			defaultConfigurationName = Release;
		};
/* End XCConfigurationList section */

/* Begin XCVersionGroup section */
		20BCB0CE2E43039E000D43DC /* WeatherApp.xcdatamodeld */ = {
			isa = XCVersionGroup;
			children = (
				20BCB0CF2E43039E000D43DC /* WeatherApp.xcdatamodel */,
			);
			currentVersion = 20BCB0CF2E43039E000D43DC /* WeatherApp.xcdatamodel */;
			path = WeatherApp.xcdatamodeld;
			sourceTree = "<group>";
			versionGroupType = wrapper.xcdatamodel;
		};
/* End XCVersionGroup section */
	};
	rootObject = 20BCB0BA2E43039E000D43DC /* Project object */;
}
