// !$*UTF8*$!
{
	archiveVersion = 1;
	classes = {
	};
	objectVersion = 56;
	objects = {

/* Begin PBXBuildFile section */
		206D0B382E432F7500827E46 /* BaseViewController.swift in Sources */ = {isa = PBXBuildFile; fileRef = 206D0B372E432F7500827E46 /* BaseViewController.swift */; };
		206D0B3A2E432F8300827E46 /* HomeViewController.swift in Sources */ = {isa = PBXBuildFile; fileRef = 206D0B392E432F8300827E46 /* HomeViewController.swift */; };
		206D0B3C2E432F8F00827E46 /* WeatherViewController.swift in Sources */ = {isa = PBXBuildFile; fileRef = 206D0B3B2E432F8F00827E46 /* WeatherViewController.swift */; };
		206D0B3E2E432F9C00827E46 /* FavoritesViewController.swift in Sources */ = {isa = PBXBuildFile; fileRef = 206D0B3D2E432F9C00827E46 /* FavoritesViewController.swift */; };
		206D0B402E432FA900827E46 /* SettingsViewController.swift in Sources */ = {isa = PBXBuildFile; fileRef = 206D0B3F2E432FA900827E46 /* SettingsViewController.swift */; };
		20BCB0C62E43039E000D43DC /* AppDelegate.swift in Sources */ = {isa = PBXBuildFile; fileRef = 20BCB0C52E43039E000D43DC /* AppDelegate.swift */; };
		20BCB0C82E43039E000D43DC /* SceneDelegate.swift in Sources */ = {isa = PBXBuildFile; fileRef = 20BCB0C72E43039E000D43DC /* SceneDelegate.swift */; };
		20BCB0CD2E43039E000D43DC /* Main.storyboard in Resources */ = {isa = PBXBuildFile; fileRef = 20BCB0CB2E43039E000D43DC /* Main.storyboard */; };
		20BCB0D02E43039E000D43DC /* WeatherApp.xcdatamodeld in Sources */ = {isa = PBXBuildFile; fileRef = 20BCB0CE2E43039E000D43DC /* WeatherApp.xcdatamodeld */; };
		20BCB0D22E4303A1000D43DC /* Assets.xcassets in Resources */ = {isa = PBXBuildFile; fileRef = 20BCB0D12E4303A1000D43DC /* Assets.xcassets */; };
		20BCB0D52E4303A1000D43DC /* LaunchScreen.storyboard in Resources */ = {isa = PBXBuildFile; fileRef = 20BCB0D32E4303A1000D43DC /* LaunchScreen.storyboard */; };
		20D0C6B02E4499560066E30E /* WeatherModels.swift in Sources */ = {isa = PBXBuildFile; fileRef = 20D0C6AF2E4499560066E30E /* WeatherModels.swift */; };
		20D0C6B22E449F930066E30E /* ForecastModels.swift in Sources */ = {isa = PBXBuildFile; fileRef = 20D0C6B12E449F930066E30E /* ForecastModels.swift */; };
		20DD3B4D2E43B7FC0052AF4C /* TabBarType.swift in Sources */ = {isa = PBXBuildFile; fileRef = 20DD3B4C2E43B7FC0052AF4C /* TabBarType.swift */; };
/* End PBXBuildFile section */

/* Begin PBXContainerItemProxy section */
		20BCB0DC2E4303A2000D43DC /* PBXContainerItemProxy */ = {
			isa = PBXContainerItemProxy;
			containerPortal = 20BCB0BA2E43039E000D43DC /* Project object */;
			proxyType = 1;
			remoteGlobalIDString = 20BCB0C12E43039E000D43DC;
			remoteInfo = WeatherApp;
		};
		20BCB0E62E4303A2000D43DC /* PBXContainerItemProxy */ = {
			isa = PBXContainerItemProxy;
			containerPortal = 20BCB0BA2E43039E000D43DC /* Project object */;
			proxyType = 1;
			remoteGlobalIDString = 20BCB0C12E43039E000D43DC;
			remoteInfo = WeatherApp;
		};
/* End PBXContainerItemProxy section */

/* Begin PBXFileReference section */
		206D0B372E432F7500827E46 /* BaseViewController.swift */ = {isa = PBXFileReference; lastKnownFileType = sourcecode.swift; path = BaseViewController.swift; sourceTree = "<group>"; };
		206D0B392E432F8300827E46 /* HomeViewController.swift */ = {isa = PBXFileReference; lastKnownFileType = sourcecode.swift; path = HomeViewController.swift; sourceTree = "<group>"; };
		206D0B3B2E432F8F00827E46 /* WeatherViewController.swift */ = {isa = PBXFileReference; lastKnownFileType = sourcecode.swift; path = WeatherViewController.swift; sourceTree = "<group>"; };
		206D0B3D2E432F9C00827E46 /* FavoritesViewController.swift */ = {isa = PBXFileReference; lastKnownFileType = sourcecode.swift; path = FavoritesViewController.swift; sourceTree = "<group>"; };
		206D0B3F2E432FA900827E46 /* SettingsViewController.swift */ = {isa = PBXFileReference; lastKnownFileType = sourcecode.swift; path = SettingsViewController.swift; sourceTree = "<group>"; };
		20BCB0C22E43039E000D43DC /* WeatherApp.app */ = {isa = PBXFileReference; explicitFileType = wrapper.application; includeInIndex = 0; path = WeatherApp.app; sourceTree = BUILT_PRODUCTS_DIR; };
		20BCB0C52E43039E000D43DC /* AppDelegate.swift */ = {isa = PBXFileReference; lastKnownFileType = sourcecode.swift; path = AppDelegate.swift; sourceTree = "<group>"; };
		20BCB0C72E43039E000D43DC /* SceneDelegate.swift */ = {isa = PBXFileReference; lastKnownFileType = sourcecode.swift; path = SceneDelegate.swift; sourceTree = "<group>"; };
		20BCB0CC2E43039E000D43DC /* Base */ = {isa = PBXFileReference; lastKnownFileType = file.storyboard; name = Base; path = Base.lproj/Main.storyboard; sourceTree = "<group>"; };
		20BCB0CF2E43039E000D43DC /* WeatherApp.xcdatamodel */ = {isa = PBXFileReference; lastKnownFileType = wrapper.xcdatamodel; path = WeatherApp.xcdatamodel; sourceTree = "<group>"; };
		20BCB0D12E4303A1000D43DC /* Assets.xcassets */ = {isa = PBXFileReference; lastKnownFileType = folder.assetcatalog; path = Assets.xcassets; sourceTree = "<group>"; };
		20BCB0D42E4303A1000D43DC /* Base */ = {isa = PBXFileReference; lastKnownFileType = file.storyboard; name = Base; path = Base.lproj/LaunchScreen.storyboard; sourceTree = "<group>"; };
		20BCB0D62E4303A1000D43DC /* Info.plist */ = {isa = PBXFileReference; lastKnownFileType = text.plist.xml; path = Info.plist; sourceTree = "<group>"; };
		20BCB0DB2E4303A2000D43DC /* WeatherAppTests.xctest */ = {isa = PBXFileReference; explicitFileType = wrapper.cfbundle; includeInIndex = 0; path = WeatherAppTests.xctest; sourceTree = BUILT_PRODUCTS_DIR; };
		20BCB0E52E4303A2000D43DC /* WeatherAppUITests.xctest */ = {isa = PBXFileReference; explicitFileType = wrapper.cfbundle; includeInIndex = 0; path = WeatherAppUITests.xctest; sourceTree = BUILT_PRODUCTS_DIR; };
		20D0C6AF2E4499560066E30E /* WeatherModels.swift */ = {isa = PBXFileReference; lastKnownFileType = sourcecode.swift; name = WeatherModels.swift; path = WeatherApp/Core/WeatherModels.swift; sourceTree = SOURCE_ROOT; };
		20D0C6B12E449F930066E30E /* ForecastModels.swift */ = {isa = PBXFileReference; lastKnownFileType = sourcecode.swift; name = ForecastModels.swift; path = WeatherApp/Core/ForecastModels.swift; sourceTree = SOURCE_ROOT; };
		20DD3B4C2E43B7FC0052AF4C /* TabBarType.swift */ = {isa = PBXFileReference; lastKnownFileType = sourcecode.swift; path = TabBarType.swift; sourceTree = "<group>"; };
/* End PBXFileReference section */

/* Begin PBXFrameworksBuildPhase section */
		20BCB0BF2E43039E000D43DC /* Frameworks */ = {
			isa = PBXFrameworksBuildPhase;
			buildActionMask = 2147483647;
			files = (
			);
			runOnlyForDeploymentPostprocessing = 0;
		};
		20BCB0D82E4303A2000D43DC /* Frameworks */ = {
			isa = PBXFrameworksBuildPhase;
			buildActionMask = 2147483647;
			files = (
			);
			runOnlyForDeploymentPostprocessing = 0;
		};
		20BCB0E22E4303A2000D43DC /* Frameworks */ = {
			isa = PBXFrameworksBuildPhase;
			buildActionMask = 2147483647;
			files = (
			);
			runOnlyForDeploymentPostprocessing = 0;
		};
/* End PBXFrameworksBuildPhase section */

/* Begin PBXGroup section */
		206D0B312E432AEA00827E46 /* Models */ = {
			isa = PBXGroup;
			children = (
				20D0C6AF2E4499560066E30E /* WeatherModels.swift */,
				20D0C6B12E449F930066E30E /* ForecastModels.swift */,
			);
			path = Models;
			sourceTree = "<group>";
		};
		206D0B322E432AF800827E46 /* Views */ = {
			isa = PBXGroup;
			children = (
				20BCB0D32E4303A1000D43DC /* LaunchScreen.storyboard */,
				20BCB0CB2E43039E000D43DC /* Main.storyboard */,
			);
			path = Views;
			sourceTree = "<group>";
		};
		206D0B332E432B0700827E46 /* Controllers */ = {
			isa = PBXGroup;
			children = (
				206D0B372E432F7500827E46 /* BaseViewController.swift */,
				206D0B392E432F8300827E46 /* HomeViewController.swift */,
				206D0B3B2E432F8F00827E46 /* WeatherViewController.swift */,
				206D0B3D2E432F9C00827E46 /* FavoritesViewController.swift */,
				206D0B3F2E432FA900827E46 /* SettingsViewController.swift */,
			);
			path = Controllers;
			sourceTree = "<group>";
		};
		206D0B342E432B2700827E46 /* Services */ = {
			isa = PBXGroup;
			children = (
			);
			path = Services;
			sourceTree = "<group>";
		};
		206D0B352E432B2E00827E46 /* Resources */ = {
			isa = PBXGroup;
			children = (
				20BCB0D12E4303A1000D43DC /* Assets.xcassets */,
			);
			path = Resources;
			sourceTree = "<group>";
		};
		206D0B362E432B3B00827E46 /* Core */ = {
			isa = PBXGroup;
			children = (
				20BCB0C52E43039E000D43DC /* AppDelegate.swift */,
				20BCB0C72E43039E000D43DC /* SceneDelegate.swift */,
				20BCB0CE2E43039E000D43DC /* WeatherApp.xcdatamodeld */,
				20DD3B4C2E43B7FC0052AF4C /* TabBarType.swift */,
			);
			path = Core;
			sourceTree = "<group>";
		};
		20BCB0B92E43039E000D43DC = {
			isa = PBXGroup;
			children = (
				20BCB0C42E43039E000D43DC /* WeatherApp */,
				20BCB0C32E43039E000D43DC /* Products */,
			);
			sourceTree = "<group>";
		};
		20BCB0C32E43039E000D43DC /* Products */ = {
			isa = PBXGroup;
			children = (
				20BCB0C22E43039E000D43DC /* WeatherApp.app */,
				20BCB0DB2E4303A2000D43DC /* WeatherAppTests.xctest */,
				20BCB0E52E4303A2000D43DC /* WeatherAppUITests.xctest */,
			);
			name = Products;
			sourceTree = "<group>";
		};
		20BCB0C42E43039E000D43DC /* WeatherApp */ = {
			isa = PBXGroup;
			children = (
				20BCB0D62E4303A1000D43DC /* Info.plist */,
				206D0B312E432AEA00827E46 /* Models */,
				206D0B322E432AF800827E46 /* Views */,
				206D0B332E432B0700827E46 /* Controllers */,
				206D0B342E432B2700827E46 /* Services */,
				206D0B352E432B2E00827E46 /* Resources */,
				206D0B362E432B3B00827E46 /* Core */,
			);
			path = WeatherApp;
			sourceTree = "<group>";
		};
/* End PBXGroup section */

/* Begin PBXNativeTarget section */
		20BCB0C12E43039E000D43DC /* WeatherApp */ = {
			isa = PBXNativeTarget;
			buildConfigurationList = 20BCB0EF2E4303A2000D43DC /* Build configuration list for PBXNativeTarget "WeatherApp" */;
			buildPhases = (
				20BCB0BE2E43039E000D43DC /* Sources */,
				20BCB0BF2E43039E000D43DC /* Frameworks */,
				20BCB0C02E43039E000D43DC /* Resources */,
				20BCB0F92E430739000D43DC /* SwiftLint */,
			);
			buildRules = (
			);
			dependencies = (
			);
			name = WeatherApp;
			productName = WeatherApp;
			productReference = 20BCB0C22E43039E000D43DC /* WeatherApp.app */;
			productType = "com.apple.product-type.application";
		};
		20BCB0DA2E4303A2000D43DC /* WeatherAppTests */ = {
			isa = PBXNativeTarget;
			buildConfigurationList = 20BCB0F22E4303A2000D43DC /* Build configuration list for PBXNativeTarget "WeatherAppTests" */;
			buildPhases = (
				20BCB0D72E4303A2000D43DC /* Sources */,
				20BCB0D82E4303A2000D43DC /* Frameworks */,
				20BCB0D92E4303A2000D43DC /* Resources */,
			);
			buildRules = (
			);
			dependencies = (
				20BCB0DD2E4303A2000D43DC /* PBXTargetDependency */,
			);
			name = WeatherAppTests;
			productName = WeatherAppTests;
			productReference = 20BCB0DB2E4303A2000D43DC /* WeatherAppTests.xctest */;
			productType = "com.apple.product-type.bundle.unit-test";
		};
		20BCB0E42E4303A2000D43DC /* WeatherAppUITests */ = {
			isa = PBXNativeTarget;
			buildConfigurationList = 20BCB0F52E4303A2000D43DC /* Build configuration list for PBXNativeTarget "WeatherAppUITests" */;
			buildPhases = (
				20BCB0E12E4303A2000D43DC /* Sources */,
				20BCB0E22E4303A2000D43DC /* Frameworks */,
				20BCB0E32E4303A2000D43DC /* Resources */,
			);
			buildRules = (
			);
			dependencies = (
				20BCB0E72E4303A2000D43DC /* PBXTargetDependency */,
			);
			name = WeatherAppUITests;
			productName = WeatherAppUITests;
			productReference = 20BCB0E52E4303A2000D43DC /* WeatherAppUITests.xctest */;
			productType = "com.apple.product-type.bundle.ui-testing";
		};
/* End PBXNativeTarget section */

/* Begin PBXProject section */
		20BCB0BA2E43039E000D43DC /* Project object */ = {
			isa = PBXProject;
			attributes = {
				BuildIndependentTargetsInParallel = 1;
				LastSwiftUpdateCheck = 1520;
				LastUpgradeCheck = 1520;
				TargetAttributes = {
					20BCB0C12E43039E000D43DC = {
						CreatedOnToolsVersion = 15.2;
					};
					20BCB0DA2E4303A2000D43DC = {
						CreatedOnToolsVersion = 15.2;
						TestTargetID = 20BCB0C12E43039E000D43DC;
					};
					20BCB0E42E4303A2000D43DC = {
						CreatedOnToolsVersion = 15.2;
						TestTargetID = 20BCB0C12E43039E000D43DC;
					};
				};
			};
			buildConfigurationList = 20BCB0BD2E43039E000D43DC /* Build configuration list for PBXProject "WeatherApp" */;
			compatibilityVersion = "Xcode 14.0";
			developmentRegion = en;
			hasScannedForEncodings = 0;
			knownRegions = (
				en,
				Base,
			);
			mainGroup = 20BCB0B92E43039E000D43DC;
			productRefGroup = 20BCB0C32E43039E000D43DC /* Products */;
			projectDirPath = "";
			projectRoot = "";
			targets = (
				20BCB0C12E43039E000D43DC /* WeatherApp */,
				20BCB0DA2E4303A2000D43DC /* WeatherAppTests */,
				20BCB0E42E4303A2000D43DC /* WeatherAppUITests */,
			);
		};
/* End PBXProject section */

/* Begin PBXResourcesBuildPhase section */
		20BCB0C02E43039E000D43DC /* Resources */ = {
			isa = PBXResourcesBuildPhase;
			buildActionMask = 2147483647;
			files = (
				20BCB0D52E4303A1000D43DC /* LaunchScreen.storyboard in Resources */,
				20BCB0D22E4303A1000D43DC /* Assets.xcassets in Resources */,
				20BCB0CD2E43039E000D43DC /* Main.storyboard in Resources */,
			);
			runOnlyForDeploymentPostprocessing = 0;
		};
		20BCB0D92E4303A2000D43DC /* Resources */ = {
			isa = PBXResourcesBuildPhase;
			buildActionMask = 2147483647;
			files = (
			);
			runOnlyForDeploymentPostprocessing = 0;
		};
		20BCB0E32E4303A2000D43DC /* Resources */ = {
			isa = PBXResourcesBuildPhase;
			buildActionMask = 2147483647;
			files = (
			);
			runOnlyForDeploymentPostprocessing = 0;
		};
/* End PBXResourcesBuildPhase section */

/* Begin PBXShellScriptBuildPhase section */
		20BCB0F92E430739000D43DC /* SwiftLint */ = {
			isa = PBXShellScriptBuildPhase;
			buildActionMask = 2147483647;
			files = (
			);
			inputFileListPaths = (
			);
			inputPaths = (
			);
			name = SwiftLint;
			outputFileListPaths = (
			);
			outputPaths = (
			);
			runOnlyForDeploymentPostprocessing = 0;
			shellPath = /bin/sh;
			shellScript = "# SwiftLint temporarily disabled due to compatibility issue\necho \"SwiftLint integration completed but temporarily disabled\"\necho \"Manual linting can be done with: swiftlint --config ../.swiftlint.yml\"\n\n# if which swiftlint >/dev/null; then\n#     cd \"${SRCROOT}/..\"\n#     swiftlint --config .swiftlint.yml WeatherApp/\n# else\n#     echo \"warning: SwiftLint not installed\"\n# fi\n";
		};
/* End PBXShellScriptBuildPhase section */

/* Begin PBXSourcesBuildPhase section */
		20BCB0BE2E43039E000D43DC /* Sources */ = {
			isa = PBXSourcesBuildPhase;
			buildActionMask = 2147483647;
			files = (
				206D0B3A2E432F8300827E46 /* HomeViewController.swift in Sources */,
				206D0B3C2E432F8F00827E46 /* WeatherViewController.swift in Sources */,
				206D0B3E2E432F9C00827E46 /* FavoritesViewController.swift in Sources */,
				20DD3B4D2E43B7FC0052AF4C /* TabBarType.swift in Sources */,
				20D0C6B02E4499560066E30E /* WeatherModels.swift in Sources */,
				206D0B382E432F7500827E46 /* BaseViewController.swift in Sources */,
				20BCB0D02E43039E000D43DC /* WeatherApp.xcdatamodeld in Sources */,
				20BCB0C62E43039E000D43DC /* AppDelegate.swift in Sources */,
				20D0C6B22E449F930066E30E /* ForecastModels.swift in Sources */,
				20BCB0C82E43039E000D43DC /* SceneDelegate.swift in Sources */,
				206D0B402E432FA900827E46 /* SettingsViewController.swift in Sources */,
			);
			runOnlyForDeploymentPostprocessing = 0;
		};
		20BCB0D72E4303A2000D43DC /* Sources */ = {
			isa = PBXSourcesBuildPhase;
			buildActionMask = 2147483647;
			files = (
			);
			runOnlyForDeploymentPostprocessing = 0;
		};
		20BCB0E12E4303A2000D43DC /* Sources */ = {
			isa = PBXSourcesBuildPhase;
			buildActionMask = 2147483647;
			files = (
			);
			runOnlyForDeploymentPostprocessing = 0;
		};
/* End PBXSourcesBuildPhase section */

/* Begin PBXTargetDependency section */
		20BCB0DD2E4303A2000D43DC /* PBXTargetDependency */ = {
			isa = PBXTargetDependency;
			target = 20BCB0C12E43039E000D43DC /* WeatherApp */;
			targetProxy = 20BCB0DC2E4303A2000D43DC /* PBXContainerItemProxy */;
		};
		20BCB0E72E4303A2000D43DC /* PBXTargetDependency */ = {
			isa = PBXTargetDependency;
			target = 20BCB0C12E43039E000D43DC /* WeatherApp */;
			targetProxy = 20BCB0E62E4303A2000D43DC /* PBXContainerItemProxy */;
		};
/* End PBXTargetDependency section */

/* Begin PBXVariantGroup section */
		20BCB0CB2E43039E000D43DC /* Main.storyboard */ = {
			isa = PBXVariantGroup;
			children = (
				20BCB0CC2E43039E000D43DC /* Base */,
			);
			name = Main.storyboard;
			sourceTree = "<group>";
		};
		20BCB0D32E4303A1000D43DC /* LaunchScreen.storyboard */ = {
			isa = PBXVariantGroup;
			children = (
				20BCB0D42E4303A1000D43DC /* Base */,
			);
			name = LaunchScreen.storyboard;
			sourceTree = "<group>";
		};
/* End PBXVariantGroup section */

/* Begin XCBuildConfiguration section */
		20BCB0ED2E4303A2000D43DC /* Debug */ = {
			isa = XCBuildConfiguration;
			buildSettings = {
				ALWAYS_SEARCH_USER_PATHS = NO;
				ASSETCATALOG_COMPILER_GENERATE_SWIFT_ASSET_SYMBOL_EXTENSIONS = YES;
				CLANG_ANALYZER_NONNULL = YES;
				CLANG_ANALYZER_NUMBER_OBJECT_CONVERSION = YES_AGGRESSIVE;
				CLANG_CXX_LANGUAGE_STANDARD = "gnu++20";
				CLANG_ENABLE_MODULES = YES;
				CLANG_ENABLE_OBJC_ARC = YES;
				CLANG_ENABLE_OBJC_WEAK = YES;
				CLANG_WARN_BLOCK_CAPTURE_AUTORELEASING = YES;
				CLANG_WARN_BOOL_CONVERSION = YES;
				CLANG_WARN_COMMA = YES;
				CLANG_WARN_CONSTANT_CONVERSION = YES;
				CLANG_WARN_DEPRECATED_OBJC_IMPLEMENTATIONS = YES;
				CLANG_WARN_DIRECT_OBJC_ISA_USAGE = YES_ERROR;
				CLANG_WARN_DOCUMENTATION_COMMENTS = YES;
				CLANG_WARN_EMPTY_BODY = YES;
				CLANG_WARN_ENUM_CONVERSION = YES;
				CLANG_WARN_INFINITE_RECURSION = YES;
				CLANG_WARN_INT_CONVERSION = YES;
				CLANG_WARN_NON_LITERAL_NULL_CONVERSION = YES;
				CLANG_WARN_OBJC_IMPLICIT_RETAIN_SELF = YES;
				CLANG_WARN_OBJC_LITERAL_CONVERSION = YES;
				CLANG_WARN_OBJC_ROOT_CLASS = YES_ERROR;
				CLANG_WARN_QUOTED_INCLUDE_IN_FRAMEWORK_HEADER = YES;
				CLANG_WARN_RANGE_LOOP_ANALYSIS = YES;
				CLANG_WARN_STRICT_PROTOTYPES = YES;
				CLANG_WARN_SUSPICIOUS_MOVE = YES;
				CLANG_WARN_UNGUARDED_AVAILABILITY = YES_AGGRESSIVE;
				CLANG_WARN_UNREACHABLE_CODE = YES;
				CLANG_WARN__DUPLICATE_METHOD_MATCH = YES;
				COPY_PHASE_STRIP = NO;
				DEBUG_INFORMATION_FORMAT = dwarf;
				ENABLE_STRICT_OBJC_MSGSEND = YES;
				ENABLE_TESTABILITY = YES;
				ENABLE_USER_SCRIPT_SANDBOXING = YES;
				GCC_C_LANGUAGE_STANDARD = gnu17;
				GCC_DYNAMIC_NO_PIC = NO;
				GCC_NO_COMMON_BLOCKS = YES;
				GCC_OPTIMIZATION_LEVEL = 0;
				GCC_PREPROCESSOR_DEFINITIONS = (
					"DEBUG=1",
					"$(inherited)",
				);
				GCC_WARN_64_TO_32_BIT_CONVERSION = YES;
				GCC_WARN_ABOUT_RETURN_TYPE = YES_ERROR;
				GCC_WARN_UNDECLARED_SELECTOR = YES;
				GCC_WARN_UNINITIALIZED_AUTOS = YES_AGGRESSIVE;
				GCC_WARN_UNUSED_FUNCTION = YES;
				GCC_WARN_UNUSED_VARIABLE = YES;
				IPHONEOS_DEPLOYMENT_TARGET = 17.2;
				LOCALIZATION_PREFERS_STRING_CATALOGS = YES;
				MTL_ENABLE_DEBUG_INFO = INCLUDE_SOURCE;
				MTL_FAST_MATH = YES;
				ONLY_ACTIVE_ARCH = YES;
				SDKROOT = iphoneos;
				SWIFT_ACTIVE_COMPILATION_CONDITIONS = "DEBUG $(inherited)";
				SWIFT_OPTIMIZATION_LEVEL = "-Onone";
			};
			name = Debug;
		};
		20BCB0EE2E4303A2000D43DC /* Release */ = {
			isa = XCBuildConfiguration;
			buildSettings = {
				ALWAYS_SEARCH_USER_PATHS = NO;
				ASSETCATALOG_COMPILER_GENERATE_SWIFT_ASSET_SYMBOL_EXTENSIONS = YES;
				CLANG_ANALYZER_NONNULL = YES;
				CLANG_ANALYZER_NUMBER_OBJECT_CONVERSION = YES_AGGRESSIVE;
				CLANG_CXX_LANGUAGE_STANDARD = "gnu++20";
				CLANG_ENABLE_MODULES = YES;
				CLANG_ENABLE_OBJC_ARC = YES;
				CLANG_ENABLE_OBJC_WEAK = YES;
				CLANG_WARN_BLOCK_CAPTURE_AUTORELEASING = YES;
				CLANG_WARN_BOOL_CONVERSION = YES;
				CLANG_WARN_COMMA = YES;
				CLANG_WARN_CONSTANT_CONVERSION = YES;
				CLANG_WARN_DEPRECATED_OBJC_IMPLEMENTATIONS = YES;
				CLANG_WARN_DIRECT_OBJC_ISA_USAGE = YES_ERROR;
				CLANG_WARN_DOCUMENTATION_COMMENTS = YES;
				CLANG_WARN_EMPTY_BODY = YES;
				CLANG_WARN_ENUM_CONVERSION = YES;
				CLANG_WARN_INFINITE_RECURSION = YES;
				CLANG_WARN_INT_CONVERSION = YES;
				CLANG_WARN_NON_LITERAL_NULL_CONVERSION = YES;
				CLANG_WARN_OBJC_IMPLICIT_RETAIN_SELF = YES;
				CLANG_WARN_OBJC_LITERAL_CONVERSION = YES;
				CLANG_WARN_OBJC_ROOT_CLASS = YES_ERROR;
				CLANG_WARN_QUOTED_INCLUDE_IN_FRAMEWORK_HEADER = YES;
				CLANG_WARN_RANGE_LOOP_ANALYSIS = YES;
				CLANG_WARN_STRICT_PROTOTYPES = YES;
				CLANG_WARN_SUSPICIOUS_MOVE = YES;
				CLANG_WARN_UNGUARDED_AVAILABILITY = YES_AGGRESSIVE;
				CLANG_WARN_UNREACHABLE_CODE = YES;
				CLANG_WARN__DUPLICATE_METHOD_MATCH = YES;
				COPY_PHASE_STRIP = NO;
				DEBUG_INFORMATION_FORMAT = "dwarf-with-dsym";
				ENABLE_NS_ASSERTIONS = NO;
				ENABLE_STRICT_OBJC_MSGSEND = YES;
				ENABLE_USER_SCRIPT_SANDBOXING = YES;
				GCC_C_LANGUAGE_STANDARD = gnu17;
				GCC_NO_COMMON_BLOCKS = YES;
				GCC_WARN_64_TO_32_BIT_CONVERSION = YES;
				GCC_WARN_ABOUT_RETURN_TYPE = YES_ERROR;
				GCC_WARN_UNDECLARED_SELECTOR = YES;
				GCC_WARN_UNINITIALIZED_AUTOS = YES_AGGRESSIVE;
				GCC_WARN_UNUSED_FUNCTION = YES;
				GCC_WARN_UNUSED_VARIABLE = YES;
				IPHONEOS_DEPLOYMENT_TARGET = 17.2;
				LOCALIZATION_PREFERS_STRING_CATALOGS = YES;
				MTL_ENABLE_DEBUG_INFO = NO;
				MTL_FAST_MATH = YES;
				SDKROOT = iphoneos;
				SWIFT_COMPILATION_MODE = wholemodule;
				VALIDATE_PRODUCT = YES;
			};
			name = Release;
		};
		20BCB0F02E4303A2000D43DC /* Debug */ = {
			isa = XCBuildConfiguration;
			buildSettings = {
				ASSETCATALOG_COMPILER_APPICON_NAME = AppIcon;
				ASSETCATALOG_COMPILER_GLOBAL_ACCENT_COLOR_NAME = AccentColor;
				CODE_SIGN_STYLE = Automatic;
				CURRENT_PROJECT_VERSION = 1;
				GENERATE_INFOPLIST_FILE = YES;
				INFOPLIST_FILE = WeatherApp/Info.plist;
				INFOPLIST_KEY_UIApplicationSupportsIndirectInputEvents = YES;
				INFOPLIST_KEY_UILaunchStoryboardName = LaunchScreen;
				INFOPLIST_KEY_UIMainStoryboardFile = Main;
				INFOPLIST_KEY_UISupportedInterfaceOrientations_iPad = "UIInterfaceOrientationPortrait UIInterfaceOrientationPortraitUpsideDown UIInterfaceOrientationLandscapeLeft UIInterfaceOrientationLandscapeRight";
				INFOPLIST_KEY_UISupportedInterfaceOrientations_iPhone = "UIInterfaceOrientationPortrait UIInterfaceOrientationLandscapeLeft UIInterfaceOrientationLandscapeRight";
				LD_RUNPATH_SEARCH_PATHS = (
					"$(inherited)",
					"@executable_path/Frameworks",
				);
				MARKETING_VERSION = 1.0;
				PRODUCT_BUNDLE_IDENTIFIER = com.phanducquyenn.WeatherApp;
				PRODUCT_NAME = "$(TARGET_NAME)";
				SWIFT_EMIT_LOC_STRINGS = YES;
				SWIFT_VERSION = 5.0;
				TARGETED_DEVICE_FAMILY = "1,2";
			};
			name = Debug;
		};
		20BCB0F12E4303A2000D43DC /* Release */ = {
			isa = XCBuildConfiguration;
			buildSettings = {
				ASSETCATALOG_COMPILER_APPICON_NAME = AppIcon;
				ASSETCATALOG_COMPILER_GLOBAL_ACCENT_COLOR_NAME = AccentColor;
				CODE_SIGN_STYLE = Automatic;
				CURRENT_PROJECT_VERSION = 1;
				GENERATE_INFOPLIST_FILE = YES;
				INFOPLIST_FILE = WeatherApp/Info.plist;
				INFOPLIST_KEY_UIApplicationSupportsIndirectInputEvents = YES;
				INFOPLIST_KEY_UILaunchStoryboardName = LaunchScreen;
				INFOPLIST_KEY_UIMainStoryboardFile = Main;
				INFOPLIST_KEY_UISupportedInterfaceOrientations_iPad = "UIInterfaceOrientationPortrait UIInterfaceOrientationPortraitUpsideDown UIInterfaceOrientationLandscapeLeft UIInterfaceOrientationLandscapeRight";
				INFOPLIST_KEY_UISupportedInterfaceOrientations_iPhone = "UIInterfaceOrientationPortrait UIInterfaceOrientationLandscapeLeft UIInterfaceOrientationLandscapeRight";
				LD_RUNPATH_SEARCH_PATHS = (
					"$(inherited)",
					"@executable_path/Frameworks",
				);
				MARKETING_VERSION = 1.0;
				PRODUCT_BUNDLE_IDENTIFIER = com.phanducquyenn.WeatherApp;
				PRODUCT_NAME = "$(TARGET_NAME)";
				SWIFT_EMIT_LOC_STRINGS = YES;
				SWIFT_VERSION = 5.0;
				TARGETED_DEVICE_FAMILY = "1,2";
			};
			name = Release;
		};
		20BCB0F32E4303A2000D43DC /* Debug */ = {
			isa = XCBuildConfiguration;
			buildSettings = {
				ALWAYS_EMBED_SWIFT_STANDARD_LIBRARIES = YES;
				BUNDLE_LOADER = "$(TEST_HOST)";
				CODE_SIGN_STYLE = Automatic;
				CURRENT_PROJECT_VERSION = 1;
				GENERATE_INFOPLIST_FILE = YES;
				IPHONEOS_DEPLOYMENT_TARGET = 17.2;
				MARKETING_VERSION = 1.0;
				PRODUCT_BUNDLE_IDENTIFIER = com.phanducquyenn.WeatherAppTests;
				PRODUCT_NAME = "$(TARGET_NAME)";
				SWIFT_EMIT_LOC_STRINGS = NO;
				SWIFT_VERSION = 5.0;
				TARGETED_DEVICE_FAMILY = "1,2";
				TEST_HOST = "$(BUILT_PRODUCTS_DIR)/WeatherApp.app/$(BUNDLE_EXECUTABLE_FOLDER_PATH)/WeatherApp";
			};
			name = Debug;
		};
		20BCB0F42E4303A2000D43DC /* Release */ = {
			isa = XCBuildConfiguration;
			buildSettings = {
				ALWAYS_EMBED_SWIFT_STANDARD_LIBRARIES = YES;
				BUNDLE_LOADER = "$(TEST_HOST)";
				CODE_SIGN_STYLE = Automatic;
				CURRENT_PROJECT_VERSION = 1;
				GENERATE_INFOPLIST_FILE = YES;
				IPHONEOS_DEPLOYMENT_TARGET = 17.2;
				MARKETING_VERSION = 1.0;
				PRODUCT_BUNDLE_IDENTIFIER = com.phanducquyenn.WeatherAppTests;
				PRODUCT_NAME = "$(TARGET_NAME)";
				SWIFT_EMIT_LOC_STRINGS = NO;
				SWIFT_VERSION = 5.0;
				TARGETED_DEVICE_FAMILY = "1,2";
				TEST_HOST = "$(BUILT_PRODUCTS_DIR)/WeatherApp.app/$(BUNDLE_EXECUTABLE_FOLDER_PATH)/WeatherApp";
			};
			name = Release;
		};
		20BCB0F62E4303A2000D43DC /* Debug */ = {
			isa = XCBuildConfiguration;
			buildSettings = {
				ALWAYS_EMBED_SWIFT_STANDARD_LIBRARIES = YES;
				CODE_SIGN_STYLE = Automatic;
				CURRENT_PROJECT_VERSION = 1;
				GENERATE_INFOPLIST_FILE = YES;
				MARKETING_VERSION = 1.0;
				PRODUCT_BUNDLE_IDENTIFIER = com.phanducquyenn.WeatherAppUITests;
				PRODUCT_NAME = "$(TARGET_NAME)";
				SWIFT_EMIT_LOC_STRINGS = NO;
				SWIFT_VERSION = 5.0;
				TARGETED_DEVICE_FAMILY = "1,2";
				TEST_TARGET_NAME = WeatherApp;
			};
			name = Debug;
		};
		20BCB0F72E4303A2000D43DC /* Release */ = {
			isa = XCBuildConfiguration;
			buildSettings = {
				ALWAYS_EMBED_SWIFT_STANDARD_LIBRARIES = YES;
				CODE_SIGN_STYLE = Automatic;
				CURRENT_PROJECT_VERSION = 1;
				GENERATE_INFOPLIST_FILE = YES;
				MARKETING_VERSION = 1.0;
				PRODUCT_BUNDLE_IDENTIFIER = com.phanducquyenn.WeatherAppUITests;
				PRODUCT_NAME = "$(TARGET_NAME)";
				SWIFT_EMIT_LOC_STRINGS = NO;
				SWIFT_VERSION = 5.0;
				TARGETED_DEVICE_FAMILY = "1,2";
				TEST_TARGET_NAME = WeatherApp;
			};
			name = Release;
		};
/* End XCBuildConfiguration section */

/* Begin XCConfigurationList section */
		20BCB0BD2E43039E000D43DC /* Build configuration list for PBXProject "WeatherApp" */ = {
			isa = XCConfigurationList;
			buildConfigurations = (
				20BCB0ED2E4303A2000D43DC /* Debug */,
				20BCB0EE2E4303A2000D43DC /* Release */,
			);
			defaultConfigurationIsVisible = 0;
			defaultConfigurationName = Release;
		};
		20BCB0EF2E4303A2000D43DC /* Build configuration list for PBXNativeTarget "WeatherApp" */ = {
			isa = XCConfigurationList;
			buildConfigurations = (
				20BCB0F02E4303A2000D43DC /* Debug */,
				20BCB0F12E4303A2000D43DC /* Release */,
			);
			defaultConfigurationIsVisible = 0;
			defaultConfigurationName = Release;
		};
		20BCB0F22E4303A2000D43DC /* Build configuration list for PBXNativeTarget "WeatherAppTests" */ = {
			isa = XCConfigurationList;
			buildConfigurations = (
				20BCB0F32E4303A2000D43DC /* Debug */,
				20BCB0F42E4303A2000D43DC /* Release */,
			);
			defaultConfigurationIsVisible = 0;
			defaultConfigurationName = Release;
		};
		20BCB0F52E4303A2000D43DC /* Build configuration list for PBXNativeTarget "WeatherAppUITests" */ = {
			isa = XCConfigurationList;
			buildConfigurations = (
				20BCB0F62E4303A2000D43DC /* Debug */,
				20BCB0F72E4303A2000D43DC /* Release */,
			);
			defaultConfigurationIsVisible = 0;
			defaultConfigurationName = Release;
		};
/* End XCConfigurationList section */

/* Begin XCVersionGroup section */
		20BCB0CE2E43039E000D43DC /* WeatherApp.xcdatamodeld */ = {
			isa = XCVersionGroup;
			children = (
				20BCB0CF2E43039E000D43DC /* WeatherApp.xcdatamodel */,
			);
			currentVersion = 20BCB0CF2E43039E000D43DC /* WeatherApp.xcdatamodel */;
			path = WeatherApp.xcdatamodeld;
			sourceTree = "<group>";
			versionGroupType = wrapper.xcdatamodel;
		};
/* End XCVersionGroup section */
	};
	rootObject = 20BCB0BA2E43039E000D43DC /* Project object */;
}
